// !$*UTF8*$!
{
	archiveVersion = 1;
	classes = {
	};
	objectVersion = 50;
	objects = {

/* Begin PBXBuildFile section */
		09292870CE8AA28201ABFD2B /* Pods_Photogram.framework in Frameworks */ = {isa = PBXBuildFile; fileRef = A42EAE14D6BDAD4009EA7D4D /* Pods_Photogram.framework */; };
		252B5A5625B9261100CEBA85 /* AppDelegate.swift in Sources */ = {isa = PBXBuildFile; fileRef = 252B5A5525B9261100CEBA85 /* AppDelegate.swift */; };
		252B5A5825B9261100CEBA85 /* SceneDelegate.swift in Sources */ = {isa = PBXBuildFile; fileRef = 252B5A5725B9261100CEBA85 /* SceneDelegate.swift */; };
		252B5A5A25B9261100CEBA85 /* ViewController.swift in Sources */ = {isa = PBXBuildFile; fileRef = 252B5A5925B9261100CEBA85 /* ViewController.swift */; };
		252B5A5D25B9261100CEBA85 /* Main.storyboard in Resources */ = {isa = PBXBuildFile; fileRef = 252B5A5B25B9261100CEBA85 /* Main.storyboard */; };
		252B5A5F25B9261200CEBA85 /* Assets.xcassets in Resources */ = {isa = PBXBuildFile; fileRef = 252B5A5E25B9261200CEBA85 /* Assets.xcassets */; };
		252B5A6225B9261200CEBA85 /* LaunchScreen.storyboard in Resources */ = {isa = PBXBuildFile; fileRef = 252B5A6025B9261200CEBA85 /* LaunchScreen.storyboard */; };
		25BEC96D25B971EE00D7FA71 /* LoginViewController.swift in Sources */ = {isa = PBXBuildFile; fileRef = 25BEC96C25B971EE00D7FA71 /* LoginViewController.swift */; };
		25BEC97025B971FD00D7FA71 /* User.swift in Sources */ = {isa = PBXBuildFile; fileRef = 25BEC96F25B971FD00D7FA71 /* User.swift */; };
		25BEC97325B9721500D7FA71 /* UserAccount.swift in Sources */ = {isa = PBXBuildFile; fileRef = 25BEC97225B9721500D7FA71 /* UserAccount.swift */; };
		25BEC97625B9722200D7FA71 /* RealmUserAccount.swift in Sources */ = {isa = PBXBuildFile; fileRef = 25BEC97525B9722200D7FA71 /* RealmUserAccount.swift */; };
		25BEC97925B9723600D7FA71 /* LoginViewModel.swift in Sources */ = {isa = PBXBuildFile; fileRef = 25BEC97825B9723600D7FA71 /* LoginViewModel.swift */; };
		25BEC97C25B9724D00D7FA71 /* ApiManager.swift in Sources */ = {isa = PBXBuildFile; fileRef = 25BEC97B25B9724D00D7FA71 /* ApiManager.swift */; };
		25BEC97F25B9725E00D7FA71 /* AccountManager.swift in Sources */ = {isa = PBXBuildFile; fileRef = 25BEC97E25B9725E00D7FA71 /* AccountManager.swift */; };
/* End PBXBuildFile section */

/* Begin PBXFileReference section */
		252B5A5225B9261100CEBA85 /* Photogram.app */ = {isa = PBXFileReference; explicitFileType = wrapper.application; includeInIndex = 0; path = Photogram.app; sourceTree = BUILT_PRODUCTS_DIR; };
		252B5A5525B9261100CEBA85 /* AppDelegate.swift */ = {isa = PBXFileReference; lastKnownFileType = sourcecode.swift; path = AppDelegate.swift; sourceTree = "<group>"; };
		252B5A5725B9261100CEBA85 /* SceneDelegate.swift */ = {isa = PBXFileReference; lastKnownFileType = sourcecode.swift; path = SceneDelegate.swift; sourceTree = "<group>"; };
		252B5A5925B9261100CEBA85 /* ViewController.swift */ = {isa = PBXFileReference; lastKnownFileType = sourcecode.swift; path = ViewController.swift; sourceTree = "<group>"; };
		252B5A5C25B9261100CEBA85 /* Base */ = {isa = PBXFileReference; lastKnownFileType = file.storyboard; name = Base; path = Base.lproj/Main.storyboard; sourceTree = "<group>"; };
		252B5A5E25B9261200CEBA85 /* Assets.xcassets */ = {isa = PBXFileReference; lastKnownFileType = folder.assetcatalog; path = Assets.xcassets; sourceTree = "<group>"; };
		252B5A6125B9261200CEBA85 /* Base */ = {isa = PBXFileReference; lastKnownFileType = file.storyboard; name = Base; path = Base.lproj/LaunchScreen.storyboard; sourceTree = "<group>"; };
		252B5A6325B9261200CEBA85 /* Info.plist */ = {isa = PBXFileReference; lastKnownFileType = text.plist.xml; path = Info.plist; sourceTree = "<group>"; };
		25BEC96C25B971EE00D7FA71 /* LoginViewController.swift */ = {isa = PBXFileReference; lastKnownFileType = sourcecode.swift; path = LoginViewController.swift; sourceTree = "<group>"; };
		25BEC96F25B971FD00D7FA71 /* User.swift */ = {isa = PBXFileReference; lastKnownFileType = sourcecode.swift; path = User.swift; sourceTree = "<group>"; };
		25BEC97225B9721500D7FA71 /* UserAccount.swift */ = {isa = PBXFileReference; lastKnownFileType = sourcecode.swift; path = UserAccount.swift; sourceTree = "<group>"; };
		25BEC97525B9722200D7FA71 /* RealmUserAccount.swift */ = {isa = PBXFileReference; lastKnownFileType = sourcecode.swift; path = RealmUserAccount.swift; sourceTree = "<group>"; };
		25BEC97825B9723600D7FA71 /* LoginViewModel.swift */ = {isa = PBXFileReference; lastKnownFileType = sourcecode.swift; path = LoginViewModel.swift; sourceTree = "<group>"; };
		25BEC97B25B9724D00D7FA71 /* ApiManager.swift */ = {isa = PBXFileReference; lastKnownFileType = sourcecode.swift; path = ApiManager.swift; sourceTree = "<group>"; };
		25BEC97E25B9725E00D7FA71 /* AccountManager.swift */ = {isa = PBXFileReference; lastKnownFileType = sourcecode.swift; path = AccountManager.swift; sourceTree = "<group>"; };
		A1011191A7FEAC85E3F0A6BE /* Pods-Photogram.debug.xcconfig */ = {isa = PBXFileReference; includeInIndex = 1; lastKnownFileType = text.xcconfig; name = "Pods-Photogram.debug.xcconfig"; path = "Target Support Files/Pods-Photogram/Pods-Photogram.debug.xcconfig"; sourceTree = "<group>"; };
		A42EAE14D6BDAD4009EA7D4D /* Pods_Photogram.framework */ = {isa = PBXFileReference; explicitFileType = wrapper.framework; includeInIndex = 0; path = Pods_Photogram.framework; sourceTree = BUILT_PRODUCTS_DIR; };
		F4A8D540CC10B32797FDDD29 /* Pods-Photogram.release.xcconfig */ = {isa = PBXFileReference; includeInIndex = 1; lastKnownFileType = text.xcconfig; name = "Pods-Photogram.release.xcconfig"; path = "Target Support Files/Pods-Photogram/Pods-Photogram.release.xcconfig"; sourceTree = "<group>"; };
/* End PBXFileReference section */

/* Begin PBXFrameworksBuildPhase section */
		252B5A4F25B9261100CEBA85 /* Frameworks */ = {
			isa = PBXFrameworksBuildPhase;
			buildActionMask = 2147483647;
			files = (
				09292870CE8AA28201ABFD2B /* Pods_Photogram.framework in Frameworks */,
			);
			runOnlyForDeploymentPostprocessing = 0;
		};
/* End PBXFrameworksBuildPhase section */

/* Begin PBXGroup section */
		252B5A4925B9261000CEBA85 = {
			isa = PBXGroup;
			children = (
				252B5A5425B9261100CEBA85 /* Photogram */,
				252B5A5325B9261100CEBA85 /* Products */,
				DD2E2AA4B263EE05A8E84453 /* Pods */,
				82C62AA005E25C698081457D /* Frameworks */,
			);
			sourceTree = "<group>";
		};
		252B5A5325B9261100CEBA85 /* Products */ = {
			isa = PBXGroup;
			children = (
				252B5A5225B9261100CEBA85 /* Photogram.app */,
			);
			name = Products;
			sourceTree = "<group>";
		};
		252B5A5425B9261100CEBA85 /* Photogram */ = {
			isa = PBXGroup;
			children = (
				25BEC96725B971B700D7FA71 /* Login */,
				252B5A5525B9261100CEBA85 /* AppDelegate.swift */,
				252B5A5725B9261100CEBA85 /* SceneDelegate.swift */,
				252B5A5925B9261100CEBA85 /* ViewController.swift */,
				252B5A5B25B9261100CEBA85 /* Main.storyboard */,
				252B5A5E25B9261200CEBA85 /* Assets.xcassets */,
				252B5A6025B9261200CEBA85 /* LaunchScreen.storyboard */,
				252B5A6325B9261200CEBA85 /* Info.plist */,
			);
			path = Photogram;
			sourceTree = "<group>";
		};
		25BEC96725B971B700D7FA71 /* Login */ = {
			isa = PBXGroup;
			children = (
				25BEC96B25B971D700D7FA71 /* View */,
				25BEC96A25B971D200D7FA71 /* Model */,
				25BEC96925B971C800D7FA71 /* ViewModel */,
				25BEC96825B971BE00D7FA71 /* Network */,
			);
			path = Login;
			sourceTree = "<group>";
		};
		25BEC96825B971BE00D7FA71 /* Network */ = {
			isa = PBXGroup;
			children = (
				25BEC97B25B9724D00D7FA71 /* ApiManager.swift */,
				25BEC97E25B9725E00D7FA71 /* AccountManager.swift */,
			);
			path = Network;
			sourceTree = "<group>";
		};
		25BEC96925B971C800D7FA71 /* ViewModel */ = {
			isa = PBXGroup;
			children = (
				25BEC97825B9723600D7FA71 /* LoginViewModel.swift */,
			);
			path = ViewModel;
			sourceTree = "<group>";
		};
		25BEC96A25B971D200D7FA71 /* Model */ = {
			isa = PBXGroup;
			children = (
				25BEC96F25B971FD00D7FA71 /* User.swift */,
				25BEC97225B9721500D7FA71 /* UserAccount.swift */,
				25BEC97525B9722200D7FA71 /* RealmUserAccount.swift */,
			);
			path = Model;
			sourceTree = "<group>";
		};
		25BEC96B25B971D700D7FA71 /* View */ = {
			isa = PBXGroup;
			children = (
				25BEC96C25B971EE00D7FA71 /* LoginViewController.swift */,
			);
			path = View;
			sourceTree = "<group>";
		};
		82C62AA005E25C698081457D /* Frameworks */ = {
			isa = PBXGroup;
			children = (
				A42EAE14D6BDAD4009EA7D4D /* Pods_Photogram.framework */,
			);
			name = Frameworks;
			sourceTree = "<group>";
		};
		DD2E2AA4B263EE05A8E84453 /* Pods */ = {
			isa = PBXGroup;
			children = (
				A1011191A7FEAC85E3F0A6BE /* Pods-Photogram.debug.xcconfig */,
				F4A8D540CC10B32797FDDD29 /* Pods-Photogram.release.xcconfig */,
			);
			path = Pods;
			sourceTree = "<group>";
		};
/* End PBXGroup section */

/* Begin PBXNativeTarget section */
		252B5A5125B9261100CEBA85 /* Photogram */ = {
			isa = PBXNativeTarget;
			buildConfigurationList = 252B5A6625B9261200CEBA85 /* Build configuration list for PBXNativeTarget "Photogram" */;
			buildPhases = (
				6A7C812B93792A20FCC02340 /* [CP] Check Pods Manifest.lock */,
				252B5A4E25B9261100CEBA85 /* Sources */,
				252B5A4F25B9261100CEBA85 /* Frameworks */,
				252B5A5025B9261100CEBA85 /* Resources */,
			);
			buildRules = (
			);
			dependencies = (
			);
			name = Photogram;
			productName = Photogram;
			productReference = 252B5A5225B9261100CEBA85 /* Photogram.app */;
			productType = "com.apple.product-type.application";
		};
/* End PBXNativeTarget section */

/* Begin PBXProject section */
		252B5A4A25B9261000CEBA85 /* Project object */ = {
			isa = PBXProject;
			attributes = {
				LastSwiftUpdateCheck = 1200;
				LastUpgradeCheck = 1200;
				TargetAttributes = {
					252B5A5125B9261100CEBA85 = {
						CreatedOnToolsVersion = 12.0.1;
					};
				};
			};
			buildConfigurationList = 252B5A4D25B9261000CEBA85 /* Build configuration list for PBXProject "Photogram" */;
			compatibilityVersion = "Xcode 9.3";
			developmentRegion = en;
			hasScannedForEncodings = 0;
			knownRegions = (
				en,
				Base,
			);
			mainGroup = 252B5A4925B9261000CEBA85;
			productRefGroup = 252B5A5325B9261100CEBA85 /* Products */;
			projectDirPath = "";
			projectRoot = "";
			targets = (
				252B5A5125B9261100CEBA85 /* Photogram */,
			);
		};
/* End PBXProject section */

/* Begin PBXResourcesBuildPhase section */
		252B5A5025B9261100CEBA85 /* Resources */ = {
			isa = PBXResourcesBuildPhase;
			buildActionMask = 2147483647;
			files = (
				252B5A6225B9261200CEBA85 /* LaunchScreen.storyboard in Resources */,
				252B5A5F25B9261200CEBA85 /* Assets.xcassets in Resources */,
				252B5A5D25B9261100CEBA85 /* Main.storyboard in Resources */,
			);
			runOnlyForDeploymentPostprocessing = 0;
		};
/* End PBXResourcesBuildPhase section */

/* Begin PBXShellScriptBuildPhase section */
		6A7C812B93792A20FCC02340 /* [CP] Check Pods Manifest.lock */ = {
			isa = PBXShellScriptBuildPhase;
			buildActionMask = 2147483647;
			files = (
			);
			inputFileListPaths = (
			);
			inputPaths = (
				"${PODS_PODFILE_DIR_PATH}/Podfile.lock",
				"${PODS_ROOT}/Manifest.lock",
			);
			name = "[CP] Check Pods Manifest.lock";
			outputFileListPaths = (
			);
			outputPaths = (
				"$(DERIVED_FILE_DIR)/Pods-Photogram-checkManifestLockResult.txt",
			);
			runOnlyForDeploymentPostprocessing = 0;
			shellPath = /bin/sh;
			shellScript = "diff \"${PODS_PODFILE_DIR_PATH}/Podfile.lock\" \"${PODS_ROOT}/Manifest.lock\" > /dev/null\nif [ $? != 0 ] ; then\n    # print error to STDERR\n    echo \"error: The sandbox is not in sync with the Podfile.lock. Run 'pod install' or update your CocoaPods installation.\" >&2\n    exit 1\nfi\n# This output is used by Xcode 'outputs' to avoid re-running this script phase.\necho \"SUCCESS\" > \"${SCRIPT_OUTPUT_FILE_0}\"\n";
			showEnvVarsInLog = 0;
		};
/* End PBXShellScriptBuildPhase section */

/* Begin PBXSourcesBuildPhase section */
		252B5A4E25B9261100CEBA85 /* Sources */ = {
			isa = PBXSourcesBuildPhase;
			buildActionMask = 2147483647;
			files = (
				25BEC97625B9722200D7FA71 /* RealmUserAccount.swift in Sources */,
				25BEC97C25B9724D00D7FA71 /* ApiManager.swift in Sources */,
				25BEC96D25B971EE00D7FA71 /* LoginViewController.swift in Sources */,
				252B5A5A25B9261100CEBA85 /* ViewController.swift in Sources */,
				25BEC97325B9721500D7FA71 /* UserAccount.swift in Sources */,
				25BEC97F25B9725E00D7FA71 /* AccountManager.swift in Sources */,
				25BEC97925B9723600D7FA71 /* LoginViewModel.swift in Sources */,
				252B5A5625B9261100CEBA85 /* AppDelegate.swift in Sources */,
				25BEC97025B971FD00D7FA71 /* User.swift in Sources */,
				252B5A5825B9261100CEBA85 /* SceneDelegate.swift in Sources */,
			);
			runOnlyForDeploymentPostprocessing = 0;
		};
/* End PBXSourcesBuildPhase section */

/* Begin PBXVariantGroup section */
		252B5A5B25B9261100CEBA85 /* Main.storyboard */ = {
			isa = PBXVariantGroup;
			children = (
				252B5A5C25B9261100CEBA85 /* Base */,
			);
			name = Main.storyboard;
			sourceTree = "<group>";
		};
		252B5A6025B9261200CEBA85 /* LaunchScreen.storyboard */ = {
			isa = PBXVariantGroup;
			children = (
				252B5A6125B9261200CEBA85 /* Base */,
			);
			name = LaunchScreen.storyboard;
			sourceTree = "<group>";
		};
/* End PBXVariantGroup section */

/* Begin XCBuildConfiguration section */
		252B5A6425B9261200CEBA85 /* Debug */ = {
			isa = XCBuildConfiguration;
			buildSettings = {
				ALWAYS_SEARCH_USER_PATHS = NO;
				CLANG_ANALYZER_NONNULL = YES;
				CLANG_ANALYZER_NUMBER_OBJECT_CONVERSION = YES_AGGRESSIVE;
				CLANG_CXX_LANGUAGE_STANDARD = "gnu++14";
				CLANG_CXX_LIBRARY = "libc++";
				CLANG_ENABLE_MODULES = YES;
				CLANG_ENABLE_OBJC_ARC = YES;
				CLANG_ENABLE_OBJC_WEAK = YES;
				CLANG_WARN_BLOCK_CAPTURE_AUTORELEASING = YES;
				CLANG_WARN_BOOL_CONVERSION = YES;
				CLANG_WARN_COMMA = YES;
				CLANG_WARN_CONSTANT_CONVERSION = YES;
				CLANG_WARN_DEPRECATED_OBJC_IMPLEMENTATIONS = YES;
				CLANG_WARN_DIRECT_OBJC_ISA_USAGE = YES_ERROR;
				CLANG_WARN_DOCUMENTATION_COMMENTS = YES;
				CLANG_WARN_EMPTY_BODY = YES;
				CLANG_WARN_ENUM_CONVERSION = YES;
				CLANG_WARN_INFINITE_RECURSION = YES;
				CLANG_WARN_INT_CONVERSION = YES;
				CLANG_WARN_NON_LITERAL_NULL_CONVERSION = YES;
				CLANG_WARN_OBJC_IMPLICIT_RETAIN_SELF = YES;
				CLANG_WARN_OBJC_LITERAL_CONVERSION = YES;
				CLANG_WARN_OBJC_ROOT_CLASS = YES_ERROR;
				CLANG_WARN_QUOTED_INCLUDE_IN_FRAMEWORK_HEADER = YES;
				CLANG_WARN_RANGE_LOOP_ANALYSIS = YES;
				CLANG_WARN_STRICT_PROTOTYPES = YES;
				CLANG_WARN_SUSPICIOUS_MOVE = YES;
				CLANG_WARN_UNGUARDED_AVAILABILITY = YES_AGGRESSIVE;
				CLANG_WARN_UNREACHABLE_CODE = YES;
				CLANG_WARN__DUPLICATE_METHOD_MATCH = YES;
				COPY_PHASE_STRIP = NO;
				DEBUG_INFORMATION_FORMAT = dwarf;
				ENABLE_STRICT_OBJC_MSGSEND = YES;
				ENABLE_TESTABILITY = YES;
				GCC_C_LANGUAGE_STANDARD = gnu11;
				GCC_DYNAMIC_NO_PIC = NO;
				GCC_NO_COMMON_BLOCKS = YES;
				GCC_OPTIMIZATION_LEVEL = 0;
				GCC_PREPROCESSOR_DEFINITIONS = (
					"DEBUG=1",
					"$(inherited)",
				);
				GCC_WARN_64_TO_32_BIT_CONVERSION = YES;
				GCC_WARN_ABOUT_RETURN_TYPE = YES_ERROR;
				GCC_WARN_UNDECLARED_SELECTOR = YES;
				GCC_WARN_UNINITIALIZED_AUTOS = YES_AGGRESSIVE;
				GCC_WARN_UNUSED_FUNCTION = YES;
				GCC_WARN_UNUSED_VARIABLE = YES;
				IPHONEOS_DEPLOYMENT_TARGET = 14.0;
				MTL_ENABLE_DEBUG_INFO = INCLUDE_SOURCE;
				MTL_FAST_MATH = YES;
				ONLY_ACTIVE_ARCH = YES;
				SDKROOT = iphoneos;
				SWIFT_ACTIVE_COMPILATION_CONDITIONS = DEBUG;
				SWIFT_OPTIMIZATION_LEVEL = "-Onone";
			};
			name = Debug;
		};
		252B5A6525B9261200CEBA85 /* Release */ = {
			isa = XCBuildConfiguration;
			buildSettings = {
				ALWAYS_SEARCH_USER_PATHS = NO;
				CLANG_ANALYZER_NONNULL = YES;
				CLANG_ANALYZER_NUMBER_OBJECT_CONVERSION = YES_AGGRESSIVE;
				CLANG_CXX_LANGUAGE_STANDARD = "gnu++14";
				CLANG_CXX_LIBRARY = "libc++";
				CLANG_ENABLE_MODULES = YES;
				CLANG_ENABLE_OBJC_ARC = YES;
				CLANG_ENABLE_OBJC_WEAK = YES;
				CLANG_WARN_BLOCK_CAPTURE_AUTORELEASING = YES;
				CLANG_WARN_BOOL_CONVERSION = YES;
				CLANG_WARN_COMMA = YES;
				CLANG_WARN_CONSTANT_CONVERSION = YES;
				CLANG_WARN_DEPRECATED_OBJC_IMPLEMENTATIONS = YES;
				CLANG_WARN_DIRECT_OBJC_ISA_USAGE = YES_ERROR;
				CLANG_WARN_DOCUMENTATION_COMMENTS = YES;
				CLANG_WARN_EMPTY_BODY = YES;
				CLANG_WARN_ENUM_CONVERSION = YES;
				CLANG_WARN_INFINITE_RECURSION = YES;
				CLANG_WARN_INT_CONVERSION = YES;
				CLANG_WARN_NON_LITERAL_NULL_CONVERSION = YES;
				CLANG_WARN_OBJC_IMPLICIT_RETAIN_SELF = YES;
				CLANG_WARN_OBJC_LITERAL_CONVERSION = YES;
				CLANG_WARN_OBJC_ROOT_CLASS = YES_ERROR;
				CLANG_WARN_QUOTED_INCLUDE_IN_FRAMEWORK_HEADER = YES;
				CLANG_WARN_RANGE_LOOP_ANALYSIS = YES;
				CLANG_WARN_STRICT_PROTOTYPES = YES;
				CLANG_WARN_SUSPICIOUS_MOVE = YES;
				CLANG_WARN_UNGUARDED_AVAILABILITY = YES_AGGRESSIVE;
				CLANG_WARN_UNREACHABLE_CODE = YES;
				CLANG_WARN__DUPLICATE_METHOD_MATCH = YES;
				COPY_PHASE_STRIP = NO;
				DEBUG_INFORMATION_FORMAT = "dwarf-with-dsym";
				ENABLE_NS_ASSERTIONS = NO;
				ENABLE_STRICT_OBJC_MSGSEND = YES;
				GCC_C_LANGUAGE_STANDARD = gnu11;
				GCC_NO_COMMON_BLOCKS = YES;
				GCC_WARN_64_TO_32_BIT_CONVERSION = YES;
				GCC_WARN_ABOUT_RETURN_TYPE = YES_ERROR;
				GCC_WARN_UNDECLARED_SELECTOR = YES;
				GCC_WARN_UNINITIALIZED_AUTOS = YES_AGGRESSIVE;
				GCC_WARN_UNUSED_FUNCTION = YES;
				GCC_WARN_UNUSED_VARIABLE = YES;
				IPHONEOS_DEPLOYMENT_TARGET = 14.0;
				MTL_ENABLE_DEBUG_INFO = NO;
				MTL_FAST_MATH = YES;
				SDKROOT = iphoneos;
				SWIFT_COMPILATION_MODE = wholemodule;
				SWIFT_OPTIMIZATION_LEVEL = "-O";
				VALIDATE_PRODUCT = YES;
			};
			name = Release;
		};
		252B5A6725B9261200CEBA85 /* Debug */ = {
			isa = XCBuildConfiguration;
			baseConfigurationReference = A1011191A7FEAC85E3F0A6BE /* Pods-Photogram.debug.xcconfig */;
			buildSettings = {
				ASSETCATALOG_COMPILER_APPICON_NAME = AppIcon;
				ASSETCATALOG_COMPILER_GLOBAL_ACCENT_COLOR_NAME = AccentColor;
				CODE_SIGN_STYLE = Automatic;
				INFOPLIST_FILE = Photogram/Info.plist;
				LD_RUNPATH_SEARCH_PATHS = (
					"$(inherited)",
					"@executable_path/Frameworks",
				);
				PRODUCT_BUNDLE_IDENTIFIER = vn.hoang.Photogram;
				PRODUCT_NAME = "$(TARGET_NAME)";
				SWIFT_VERSION = 5.0;
				TARGETED_DEVICE_FAMILY = "1,2";
			};
			name = Debug;
		};
		252B5A6825B9261200CEBA85 /* Release */ = {
			isa = XCBuildConfiguration;
			baseConfigurationReference = F4A8D540CC10B32797FDDD29 /* Pods-Photogram.release.xcconfig */;
			buildSettings = {
				ASSETCATALOG_COMPILER_APPICON_NAME = AppIcon;
				ASSETCATALOG_COMPILER_GLOBAL_ACCENT_COLOR_NAME = AccentColor;
				CODE_SIGN_STYLE = Automatic;
				INFOPLIST_FILE = Photogram/Info.plist;
				LD_RUNPATH_SEARCH_PATHS = (
					"$(inherited)",
					"@executable_path/Frameworks",
				);
				PRODUCT_BUNDLE_IDENTIFIER = vn.hoang.Photogram;
				PRODUCT_NAME = "$(TARGET_NAME)";
				SWIFT_VERSION = 5.0;
				TARGETED_DEVICE_FAMILY = "1,2";
			};
			name = Release;
		};
/* End XCBuildConfiguration section */

/* Begin XCConfigurationList section */
		252B5A4D25B9261000CEBA85 /* Build configuration list for PBXProject "Photogram" */ = {
			isa = XCConfigurationList;
			buildConfigurations = (
				252B5A6425B9261200CEBA85 /* Debug */,
				252B5A6525B9261200CEBA85 /* Release */,
			);
			defaultConfigurationIsVisible = 0;
			defaultConfigurationName = Release;
		};
		252B5A6625B9261200CEBA85 /* Build configuration list for PBXNativeTarget "Photogram" */ = {
			isa = XCConfigurationList;
			buildConfigurations = (
				252B5A6725B9261200CEBA85 /* Debug */,
				252B5A6825B9261200CEBA85 /* Release */,
			);
			defaultConfigurationIsVisible = 0;
			defaultConfigurationName = Release;
		};
/* End XCConfigurationList section */
	};
	rootObject = 252B5A4A25B9261000CEBA85 /* Project object */;
}
