// !$*UTF8*$!
{
	archiveVersion = 1;
	classes = {
	};
	objectVersion = 51;
	objects = {

/* Begin PBXBuildFile section */
		09292870CE8AA28201ABFD2B /* Pods_Photogram.framework in Frameworks */ = {isa = PBXBuildFile; fileRef = A42EAE14D6BDAD4009EA7D4D /* Pods_Photogram.framework */; };
		2503DDD725F2069700222BA3 /* SearchViewController.swift in Sources */ = {isa = PBXBuildFile; fileRef = 2503DDD625F2069700222BA3 /* SearchViewController.swift */; };
		2503DDDA25F2079D00222BA3 /* LibraryViewController.swift in Sources */ = {isa = PBXBuildFile; fileRef = 2503DDD925F2079D00222BA3 /* LibraryViewController.swift */; };
		25153FF025F8CAD000F54772 /* UploadViewController.swift in Sources */ = {isa = PBXBuildFile; fileRef = 25153FEF25F8CAD000F54772 /* UploadViewController.swift */; };
		25153FF725F8D08200F54772 /* UploadViewModel.swift in Sources */ = {isa = PBXBuildFile; fileRef = 25153FF625F8D08200F54772 /* UploadViewModel.swift */; };
		252B5A5625B9261100CEBA85 /* AppDelegate.swift in Sources */ = {isa = PBXBuildFile; fileRef = 252B5A5525B9261100CEBA85 /* AppDelegate.swift */; };
		252B5A5825B9261100CEBA85 /* SceneDelegate.swift in Sources */ = {isa = PBXBuildFile; fileRef = 252B5A5725B9261100CEBA85 /* SceneDelegate.swift */; };
		252B5A5D25B9261100CEBA85 /* Main.storyboard in Resources */ = {isa = PBXBuildFile; fileRef = 252B5A5B25B9261100CEBA85 /* Main.storyboard */; };
		252B5A5F25B9261200CEBA85 /* Assets.xcassets in Resources */ = {isa = PBXBuildFile; fileRef = 252B5A5E25B9261200CEBA85 /* Assets.xcassets */; };
		252B5A6225B9261200CEBA85 /* LaunchScreen.storyboard in Resources */ = {isa = PBXBuildFile; fileRef = 252B5A6025B9261200CEBA85 /* LaunchScreen.storyboard */; };
		254948F926043D2600226317 /* AlertHelper.swift in Sources */ = {isa = PBXBuildFile; fileRef = 254948F826043D2600226317 /* AlertHelper.swift */; };
		25581B6526004B2F008D4504 /* LoginRespository.swift in Sources */ = {isa = PBXBuildFile; fileRef = 25581B6426004B2F008D4504 /* LoginRespository.swift */; };
		25581B8B2600666C008D4504 /* LoginUseCase.swift in Sources */ = {isa = PBXBuildFile; fileRef = 25581B8A2600666C008D4504 /* LoginUseCase.swift */; };
		25581B9226006BEE008D4504 /* RegisterUseCase.swift in Sources */ = {isa = PBXBuildFile; fileRef = 25581B9126006BEE008D4504 /* RegisterUseCase.swift */; };
		25581B9526006CFF008D4504 /* ProfileUseCase.swift in Sources */ = {isa = PBXBuildFile; fileRef = 25581B9426006CFF008D4504 /* ProfileUseCase.swift */; };
		2563F14A25BA847F00A6767B /* HomeViewModel.swift in Sources */ = {isa = PBXBuildFile; fileRef = 2563F14925BA847F00A6767B /* HomeViewModel.swift */; };
		2563F14D25BA848B00A6767B /* HomeViewController.swift in Sources */ = {isa = PBXBuildFile; fileRef = 2563F14C25BA848B00A6767B /* HomeViewController.swift */; };
		2563F15025BA84B300A6767B /* LoginNavigator.swift in Sources */ = {isa = PBXBuildFile; fileRef = 2563F14F25BA84B300A6767B /* LoginNavigator.swift */; };
		2563F15E25BA8CAF00A6767B /* Register.storyboard in Resources */ = {isa = PBXBuildFile; fileRef = 2563F15D25BA8CAF00A6767B /* Register.storyboard */; };
		2563F16125BA8CC100A6767B /* RegisterViewModel.swift in Sources */ = {isa = PBXBuildFile; fileRef = 2563F16025BA8CC100A6767B /* RegisterViewModel.swift */; };
		2563F16425BA8CD200A6767B /* RegisterViewController.swift in Sources */ = {isa = PBXBuildFile; fileRef = 2563F16325BA8CD200A6767B /* RegisterViewController.swift */; };
		2576F61025F06F3E001BA413 /* RegisterNavigator.swift in Sources */ = {isa = PBXBuildFile; fileRef = 2576F60F25F06F3E001BA413 /* RegisterNavigator.swift */; };
		2576F61325F06FB6001BA413 /* HomeNavigator.swift in Sources */ = {isa = PBXBuildFile; fileRef = 2576F61225F06FB6001BA413 /* HomeNavigator.swift */; };
		2576F63325F0D8DE001BA413 /* PhotoCollectionViewCell.swift in Sources */ = {isa = PBXBuildFile; fileRef = 2576F63225F0D8DE001BA413 /* PhotoCollectionViewCell.swift */; };
		258BEB052601CFE200EFD71B /* Home.storyboard in Resources */ = {isa = PBXBuildFile; fileRef = 258BEB012601CFE200EFD71B /* Home.storyboard */; };
		258BEB072601CFE200EFD71B /* HomeTabbarController.swift in Sources */ = {isa = PBXBuildFile; fileRef = 258BEB032601CFE200EFD71B /* HomeTabbarController.swift */; };
		258BEB0F2601CFFD00EFD71B /* ProfileNavigator.swift in Sources */ = {isa = PBXBuildFile; fileRef = 258BEB0C2601CFFD00EFD71B /* ProfileNavigator.swift */; };
		258BEB102601CFFD00EFD71B /* ProfileViewController.swift in Sources */ = {isa = PBXBuildFile; fileRef = 258BEB0D2601CFFD00EFD71B /* ProfileViewController.swift */; };
		258BEB112601CFFD00EFD71B /* ProfileViewModel.swift in Sources */ = {isa = PBXBuildFile; fileRef = 258BEB0E2601CFFD00EFD71B /* ProfileViewModel.swift */; };
		258BEB252601DBC700EFD71B /* LoginUseCaseType.swift in Sources */ = {isa = PBXBuildFile; fileRef = 258BEB242601DBC700EFD71B /* LoginUseCaseType.swift */; };
		258BEB282601DBD800EFD71B /* RegisterUseCaseType.swift in Sources */ = {isa = PBXBuildFile; fileRef = 258BEB272601DBD800EFD71B /* RegisterUseCaseType.swift */; };
		258BEB2B2601DBE400EFD71B /* ProfileUseCaseType.swift in Sources */ = {isa = PBXBuildFile; fileRef = 258BEB2A2601DBE400EFD71B /* ProfileUseCaseType.swift */; };
		25BEC96D25B971EE00D7FA71 /* LoginViewController.swift in Sources */ = {isa = PBXBuildFile; fileRef = 25BEC96C25B971EE00D7FA71 /* LoginViewController.swift */; };
		25BEC97925B9723600D7FA71 /* LoginViewModel.swift in Sources */ = {isa = PBXBuildFile; fileRef = 25BEC97825B9723600D7FA71 /* LoginViewModel.swift */; };
		25BEC99725B98A0A00D7FA71 /* GoogleService-Info.plist in Resources */ = {isa = PBXBuildFile; fileRef = 25BEC99625B98A0A00D7FA71 /* GoogleService-Info.plist */; };
		25FB9C3525FA018D00586D29 /* User.swift in Sources */ = {isa = PBXBuildFile; fileRef = 25FB9C3125FA018D00586D29 /* User.swift */; };
		25FB9C3625FA018D00586D29 /* Photo.swift in Sources */ = {isa = PBXBuildFile; fileRef = 25FB9C3225FA018D00586D29 /* Photo.swift */; };
		25FB9C3725FA018D00586D29 /* ViewModelType.swift in Sources */ = {isa = PBXBuildFile; fileRef = 25FB9C3325FA018D00586D29 /* ViewModelType.swift */; };
		25FB9C3825FA018D00586D29 /* Account.swift in Sources */ = {isa = PBXBuildFile; fileRef = 25FB9C3425FA018D00586D29 /* Account.swift */; };
		25FBB76625F9B671004A7FA6 /* UploadNavigator.swift in Sources */ = {isa = PBXBuildFile; fileRef = 25FBB76525F9B671004A7FA6 /* UploadNavigator.swift */; };
/* End PBXBuildFile section */

/* Begin PBXFileReference section */
		2503DDD625F2069700222BA3 /* SearchViewController.swift */ = {isa = PBXFileReference; lastKnownFileType = sourcecode.swift; path = SearchViewController.swift; sourceTree = "<group>"; };
		2503DDD925F2079D00222BA3 /* LibraryViewController.swift */ = {isa = PBXFileReference; lastKnownFileType = sourcecode.swift; path = LibraryViewController.swift; sourceTree = "<group>"; };
		25153FEF25F8CAD000F54772 /* UploadViewController.swift */ = {isa = PBXFileReference; lastKnownFileType = sourcecode.swift; path = UploadViewController.swift; sourceTree = "<group>"; };
		25153FF625F8D08200F54772 /* UploadViewModel.swift */ = {isa = PBXFileReference; lastKnownFileType = sourcecode.swift; path = UploadViewModel.swift; sourceTree = "<group>"; };
		252B5A5225B9261100CEBA85 /* Photogram.app */ = {isa = PBXFileReference; explicitFileType = wrapper.application; includeInIndex = 0; path = Photogram.app; sourceTree = BUILT_PRODUCTS_DIR; };
		252B5A5525B9261100CEBA85 /* AppDelegate.swift */ = {isa = PBXFileReference; lastKnownFileType = sourcecode.swift; path = AppDelegate.swift; sourceTree = "<group>"; };
		252B5A5725B9261100CEBA85 /* SceneDelegate.swift */ = {isa = PBXFileReference; lastKnownFileType = sourcecode.swift; path = SceneDelegate.swift; sourceTree = "<group>"; };
		252B5A5C25B9261100CEBA85 /* Base */ = {isa = PBXFileReference; lastKnownFileType = file.storyboard; name = Base; path = Base.lproj/Main.storyboard; sourceTree = "<group>"; };
		252B5A5E25B9261200CEBA85 /* Assets.xcassets */ = {isa = PBXFileReference; lastKnownFileType = folder.assetcatalog; path = Assets.xcassets; sourceTree = "<group>"; };
		252B5A6125B9261200CEBA85 /* Base */ = {isa = PBXFileReference; lastKnownFileType = file.storyboard; name = Base; path = Base.lproj/LaunchScreen.storyboard; sourceTree = "<group>"; };
		252B5A6325B9261200CEBA85 /* Info.plist */ = {isa = PBXFileReference; lastKnownFileType = text.plist.xml; path = Info.plist; sourceTree = "<group>"; };
		254948F826043D2600226317 /* AlertHelper.swift */ = {isa = PBXFileReference; lastKnownFileType = sourcecode.swift; path = AlertHelper.swift; sourceTree = "<group>"; };
		25581B6426004B2F008D4504 /* LoginRespository.swift */ = {isa = PBXFileReference; lastKnownFileType = sourcecode.swift; path = LoginRespository.swift; sourceTree = "<group>"; };
		25581B8A2600666C008D4504 /* LoginUseCase.swift */ = {isa = PBXFileReference; lastKnownFileType = sourcecode.swift; path = LoginUseCase.swift; sourceTree = "<group>"; };
		25581B9126006BEE008D4504 /* RegisterUseCase.swift */ = {isa = PBXFileReference; lastKnownFileType = sourcecode.swift; path = RegisterUseCase.swift; sourceTree = "<group>"; };
		25581B9426006CFF008D4504 /* ProfileUseCase.swift */ = {isa = PBXFileReference; lastKnownFileType = sourcecode.swift; path = ProfileUseCase.swift; sourceTree = "<group>"; };
		2563F14925BA847F00A6767B /* HomeViewModel.swift */ = {isa = PBXFileReference; lastKnownFileType = sourcecode.swift; path = HomeViewModel.swift; sourceTree = "<group>"; };
		2563F14C25BA848B00A6767B /* HomeViewController.swift */ = {isa = PBXFileReference; lastKnownFileType = sourcecode.swift; path = HomeViewController.swift; sourceTree = "<group>"; };
		2563F14F25BA84B300A6767B /* LoginNavigator.swift */ = {isa = PBXFileReference; lastKnownFileType = sourcecode.swift; path = LoginNavigator.swift; sourceTree = "<group>"; };
		2563F15D25BA8CAF00A6767B /* Register.storyboard */ = {isa = PBXFileReference; lastKnownFileType = file.storyboard; path = Register.storyboard; sourceTree = "<group>"; };
		2563F16025BA8CC100A6767B /* RegisterViewModel.swift */ = {isa = PBXFileReference; lastKnownFileType = sourcecode.swift; path = RegisterViewModel.swift; sourceTree = "<group>"; };
		2563F16325BA8CD200A6767B /* RegisterViewController.swift */ = {isa = PBXFileReference; lastKnownFileType = sourcecode.swift; path = RegisterViewController.swift; sourceTree = "<group>"; };
		2576F60F25F06F3E001BA413 /* RegisterNavigator.swift */ = {isa = PBXFileReference; lastKnownFileType = sourcecode.swift; path = RegisterNavigator.swift; sourceTree = "<group>"; };
		2576F61225F06FB6001BA413 /* HomeNavigator.swift */ = {isa = PBXFileReference; lastKnownFileType = sourcecode.swift; path = HomeNavigator.swift; sourceTree = "<group>"; };
		2576F63225F0D8DE001BA413 /* PhotoCollectionViewCell.swift */ = {isa = PBXFileReference; lastKnownFileType = sourcecode.swift; path = PhotoCollectionViewCell.swift; sourceTree = "<group>"; };
		258BEB012601CFE200EFD71B /* Home.storyboard */ = {isa = PBXFileReference; fileEncoding = 4; lastKnownFileType = file.storyboard; path = Home.storyboard; sourceTree = "<group>"; };
		258BEB032601CFE200EFD71B /* HomeTabbarController.swift */ = {isa = PBXFileReference; fileEncoding = 4; lastKnownFileType = sourcecode.swift; path = HomeTabbarController.swift; sourceTree = "<group>"; };
		258BEB0C2601CFFD00EFD71B /* ProfileNavigator.swift */ = {isa = PBXFileReference; fileEncoding = 4; lastKnownFileType = sourcecode.swift; path = ProfileNavigator.swift; sourceTree = "<group>"; };
		258BEB0D2601CFFD00EFD71B /* ProfileViewController.swift */ = {isa = PBXFileReference; fileEncoding = 4; lastKnownFileType = sourcecode.swift; path = ProfileViewController.swift; sourceTree = "<group>"; };
		258BEB0E2601CFFD00EFD71B /* ProfileViewModel.swift */ = {isa = PBXFileReference; fileEncoding = 4; lastKnownFileType = sourcecode.swift; path = ProfileViewModel.swift; sourceTree = "<group>"; };
		258BEB242601DBC700EFD71B /* LoginUseCaseType.swift */ = {isa = PBXFileReference; lastKnownFileType = sourcecode.swift; path = LoginUseCaseType.swift; sourceTree = "<group>"; };
		258BEB272601DBD800EFD71B /* RegisterUseCaseType.swift */ = {isa = PBXFileReference; lastKnownFileType = sourcecode.swift; path = RegisterUseCaseType.swift; sourceTree = "<group>"; };
		258BEB2A2601DBE400EFD71B /* ProfileUseCaseType.swift */ = {isa = PBXFileReference; lastKnownFileType = sourcecode.swift; path = ProfileUseCaseType.swift; sourceTree = "<group>"; };
		25BEC96C25B971EE00D7FA71 /* LoginViewController.swift */ = {isa = PBXFileReference; lastKnownFileType = sourcecode.swift; path = LoginViewController.swift; sourceTree = "<group>"; };
		25BEC97825B9723600D7FA71 /* LoginViewModel.swift */ = {isa = PBXFileReference; lastKnownFileType = sourcecode.swift; path = LoginViewModel.swift; sourceTree = "<group>"; };
		25BEC99625B98A0A00D7FA71 /* GoogleService-Info.plist */ = {isa = PBXFileReference; fileEncoding = 4; lastKnownFileType = text.plist.xml; path = "GoogleService-Info.plist"; sourceTree = "<group>"; };
		25FB9C3125FA018D00586D29 /* User.swift */ = {isa = PBXFileReference; fileEncoding = 4; lastKnownFileType = sourcecode.swift; path = User.swift; sourceTree = "<group>"; };
		25FB9C3225FA018D00586D29 /* Photo.swift */ = {isa = PBXFileReference; fileEncoding = 4; lastKnownFileType = sourcecode.swift; path = Photo.swift; sourceTree = "<group>"; };
		25FB9C3325FA018D00586D29 /* ViewModelType.swift */ = {isa = PBXFileReference; fileEncoding = 4; lastKnownFileType = sourcecode.swift; path = ViewModelType.swift; sourceTree = "<group>"; };
		25FB9C3425FA018D00586D29 /* Account.swift */ = {isa = PBXFileReference; fileEncoding = 4; lastKnownFileType = sourcecode.swift; path = Account.swift; sourceTree = "<group>"; };
		25FBB76525F9B671004A7FA6 /* UploadNavigator.swift */ = {isa = PBXFileReference; lastKnownFileType = sourcecode.swift; path = UploadNavigator.swift; sourceTree = "<group>"; };
		A1011191A7FEAC85E3F0A6BE /* Pods-Photogram.debug.xcconfig */ = {isa = PBXFileReference; includeInIndex = 1; lastKnownFileType = text.xcconfig; name = "Pods-Photogram.debug.xcconfig"; path = "Target Support Files/Pods-Photogram/Pods-Photogram.debug.xcconfig"; sourceTree = "<group>"; };
		A42EAE14D6BDAD4009EA7D4D /* Pods_Photogram.framework */ = {isa = PBXFileReference; explicitFileType = wrapper.framework; includeInIndex = 0; path = Pods_Photogram.framework; sourceTree = BUILT_PRODUCTS_DIR; };
		F4A8D540CC10B32797FDDD29 /* Pods-Photogram.release.xcconfig */ = {isa = PBXFileReference; includeInIndex = 1; lastKnownFileType = text.xcconfig; name = "Pods-Photogram.release.xcconfig"; path = "Target Support Files/Pods-Photogram/Pods-Photogram.release.xcconfig"; sourceTree = "<group>"; };
/* End PBXFileReference section */

/* Begin PBXFrameworksBuildPhase section */
		252B5A4F25B9261100CEBA85 /* Frameworks */ = {
			isa = PBXFrameworksBuildPhase;
			buildActionMask = 2147483647;
			files = (
				09292870CE8AA28201ABFD2B /* Pods_Photogram.framework in Frameworks */,
			);
			runOnlyForDeploymentPostprocessing = 0;
		};
/* End PBXFrameworksBuildPhase section */

/* Begin PBXGroup section */
		25153FE925F8CA8600F54772 /* Upload */ = {
			isa = PBXGroup;
			children = (
				25153FEF25F8CAD000F54772 /* UploadViewController.swift */,
				25153FF625F8D08200F54772 /* UploadViewModel.swift */,
				25FBB76525F9B671004A7FA6 /* UploadNavigator.swift */,
			);
			path = Upload;
			sourceTree = "<group>";
		};
		252B5A4925B9261000CEBA85 = {
			isa = PBXGroup;
			children = (
				252B5A5425B9261100CEBA85 /* Photogram */,
				DD2E2AA4B263EE05A8E84453 /* Pods */,
				82C62AA005E25C698081457D /* Frameworks */,
			);
			sourceTree = "<group>";
		};
		252B5A5325B9261100CEBA85 /* Products */ = {
			isa = PBXGroup;
			children = (
				252B5A5225B9261100CEBA85 /* Photogram.app */,
			);
			name = Products;
			path = ../..;
			sourceTree = "<group>";
		};
		252B5A5425B9261100CEBA85 /* Photogram */ = {
			isa = PBXGroup;
			children = (
				258BEAF72601C06C00EFD71B /* Application */,
				25FBB79E25F9FFC7004A7FA6 /* Platform */,
				258BEAFF2601CF7400EFD71B /* Domain */,
				25FBB79F25F9FFE4004A7FA6 /* SupportFile */,
			);
			path = Photogram;
			sourceTree = "<group>";
		};
		254948F526043C5B00226317 /* Utilities */ = {
			isa = PBXGroup;
			children = (
				254948F726043CB600226317 /* Helpers */,
				254948F626043CAC00226317 /* Extensions */,
			);
			path = Utilities;
			sourceTree = "<group>";
		};
		254948F626043CAC00226317 /* Extensions */ = {
			isa = PBXGroup;
			children = (
			);
			path = Extensions;
			sourceTree = "<group>";
		};
		254948F726043CB600226317 /* Helpers */ = {
			isa = PBXGroup;
			children = (
				254948F826043D2600226317 /* AlertHelper.swift */,
			);
			path = Helpers;
			sourceTree = "<group>";
		};
		25581B60260049A5008D4504 /* Respository */ = {
			isa = PBXGroup;
			children = (
				25581B6426004B2F008D4504 /* LoginRespository.swift */,
			);
			path = Respository;
			sourceTree = "<group>";
		};
		25581B892600660D008D4504 /* UseCases */ = {
			isa = PBXGroup;
			children = (
				258BEB242601DBC700EFD71B /* LoginUseCaseType.swift */,
				258BEB272601DBD800EFD71B /* RegisterUseCaseType.swift */,
				258BEB2A2601DBE400EFD71B /* ProfileUseCaseType.swift */,
			);
			path = UseCases;
			sourceTree = "<group>";
		};
		2563F14525BA845200A6767B /* Home */ = {
			isa = PBXGroup;
			children = (
				2576F63125F0D8BC001BA413 /* SupportViews */,
				2563F14925BA847F00A6767B /* HomeViewModel.swift */,
				2563F14C25BA848B00A6767B /* HomeViewController.swift */,
				2576F61225F06FB6001BA413 /* HomeNavigator.swift */,
			);
			path = Home;
			sourceTree = "<group>";
		};
		2563F15C25BA8C8500A6767B /* Register */ = {
			isa = PBXGroup;
			children = (
				2563F15D25BA8CAF00A6767B /* Register.storyboard */,
				2563F16025BA8CC100A6767B /* RegisterViewModel.swift */,
				2563F16325BA8CD200A6767B /* RegisterViewController.swift */,
				2576F60F25F06F3E001BA413 /* RegisterNavigator.swift */,
			);
			path = Register;
			sourceTree = "<group>";
		};
		2576F5CD25C0FCEA001BA413 /* Protocol */ = {
			isa = PBXGroup;
			children = (
				25FB9C3325FA018D00586D29 /* ViewModelType.swift */,
			);
			path = Protocol;
			sourceTree = "<group>";
		};
		2576F61525F08EAC001BA413 /* Search */ = {
			isa = PBXGroup;
			children = (
				2503DDD625F2069700222BA3 /* SearchViewController.swift */,
			);
			path = Search;
			sourceTree = "<group>";
		};
		2576F61625F08EB8001BA413 /* Library */ = {
			isa = PBXGroup;
			children = (
				2503DDD925F2079D00222BA3 /* LibraryViewController.swift */,
			);
			path = Library;
			sourceTree = "<group>";
		};
		2576F63125F0D8BC001BA413 /* SupportViews */ = {
			isa = PBXGroup;
			children = (
				2576F63225F0D8DE001BA413 /* PhotoCollectionViewCell.swift */,
			);
			path = SupportViews;
			sourceTree = "<group>";
		};
		258BEAF72601C06C00EFD71B /* Application */ = {
			isa = PBXGroup;
			children = (
				254948F526043C5B00226317 /* Utilities */,
				25FBB79825F9FF27004A7FA6 /* App */,
				25FBB79A25F9FF45004A7FA6 /* Screens */,
				25FBB79925F9FF31004A7FA6 /* Base */,
			);
			path = Application;
			sourceTree = "<group>";
		};
		258BEAFA2601C0F300EFD71B /* UserPlatform */ = {
			isa = PBXGroup;
			children = (
				25581B60260049A5008D4504 /* Respository */,
				258BEB232601DBB000EFD71B /* UseCases */,
			);
			path = UserPlatform;
			sourceTree = "<group>";
		};
		258BEAFD2601C13900EFD71B /* PhotoPlatform */ = {
			isa = PBXGroup;
			children = (
			);
			path = PhotoPlatform;
			sourceTree = "<group>";
		};
		258BEAFF2601CF7400EFD71B /* Domain */ = {
			isa = PBXGroup;
			children = (
				258BEB2F2601DD3C00EFD71B /* Model */,
				25581B892600660D008D4504 /* UseCases */,
			);
			path = Domain;
			sourceTree = "<group>";
		};
		258BEB002601CFE200EFD71B /* HomeTabbar */ = {
			isa = PBXGroup;
			children = (
				258BEB012601CFE200EFD71B /* Home.storyboard */,
				258BEB032601CFE200EFD71B /* HomeTabbarController.swift */,
			);
			path = HomeTabbar;
			sourceTree = "<group>";
		};
		258BEB0B2601CFFD00EFD71B /* Profile */ = {
			isa = PBXGroup;
			children = (
				258BEB0C2601CFFD00EFD71B /* ProfileNavigator.swift */,
				258BEB0D2601CFFD00EFD71B /* ProfileViewController.swift */,
				258BEB0E2601CFFD00EFD71B /* ProfileViewModel.swift */,
			);
			path = Profile;
			sourceTree = "<group>";
		};
		258BEB232601DBB000EFD71B /* UseCases */ = {
			isa = PBXGroup;
			children = (
				25581B8A2600666C008D4504 /* LoginUseCase.swift */,
				25581B9126006BEE008D4504 /* RegisterUseCase.swift */,
				25581B9426006CFF008D4504 /* ProfileUseCase.swift */,
			);
			path = UseCases;
			sourceTree = "<group>";
		};
		258BEB2F2601DD3C00EFD71B /* Model */ = {
			isa = PBXGroup;
			children = (
				25FB9C3225FA018D00586D29 /* Photo.swift */,
				25FB9C3125FA018D00586D29 /* User.swift */,
				25FB9C3425FA018D00586D29 /* Account.swift */,
			);
			path = Model;
			sourceTree = "<group>";
		};
		25BEC96725B971B700D7FA71 /* Login */ = {
			isa = PBXGroup;
			children = (
				252B5A5B25B9261100CEBA85 /* Main.storyboard */,
				25BEC97825B9723600D7FA71 /* LoginViewModel.swift */,
				25BEC96C25B971EE00D7FA71 /* LoginViewController.swift */,
				2563F14F25BA84B300A6767B /* LoginNavigator.swift */,
			);
			path = Login;
			sourceTree = "<group>";
		};
		25FBB79825F9FF27004A7FA6 /* App */ = {
			isa = PBXGroup;
			children = (
				252B5A5525B9261100CEBA85 /* AppDelegate.swift */,
				252B5A5725B9261100CEBA85 /* SceneDelegate.swift */,
			);
			path = App;
			sourceTree = "<group>";
		};
		25FBB79925F9FF31004A7FA6 /* Base */ = {
			isa = PBXGroup;
			children = (
				2576F5CD25C0FCEA001BA413 /* Protocol */,
			);
			path = Base;
			sourceTree = "<group>";
		};
		25FBB79A25F9FF45004A7FA6 /* Screens */ = {
			isa = PBXGroup;
			children = (
				258BEB002601CFE200EFD71B /* HomeTabbar */,
				25BEC96725B971B700D7FA71 /* Login */,
				2563F15C25BA8C8500A6767B /* Register */,
				2563F14525BA845200A6767B /* Home */,
				2576F61625F08EB8001BA413 /* Library */,
				258BEB0B2601CFFD00EFD71B /* Profile */,
				25153FE925F8CA8600F54772 /* Upload */,
				2576F61525F08EAC001BA413 /* Search */,
			);
			path = Screens;
			sourceTree = "<group>";
		};
		25FBB79E25F9FFC7004A7FA6 /* Platform */ = {
			isa = PBXGroup;
			children = (
				258BEAFD2601C13900EFD71B /* PhotoPlatform */,
				258BEAFA2601C0F300EFD71B /* UserPlatform */,
			);
			path = Platform;
			sourceTree = "<group>";
		};
		25FBB79F25F9FFE4004A7FA6 /* SupportFile */ = {
			isa = PBXGroup;
			children = (
				252B5A5E25B9261200CEBA85 /* Assets.xcassets */,
				252B5A6025B9261200CEBA85 /* LaunchScreen.storyboard */,
				25BEC99625B98A0A00D7FA71 /* GoogleService-Info.plist */,
				252B5A6325B9261200CEBA85 /* Info.plist */,
				252B5A5325B9261100CEBA85 /* Products */,
			);
			path = SupportFile;
			sourceTree = "<group>";
		};
		82C62AA005E25C698081457D /* Frameworks */ = {
			isa = PBXGroup;
			children = (
				A42EAE14D6BDAD4009EA7D4D /* Pods_Photogram.framework */,
			);
			name = Frameworks;
			sourceTree = "<group>";
		};
		DD2E2AA4B263EE05A8E84453 /* Pods */ = {
			isa = PBXGroup;
			children = (
				A1011191A7FEAC85E3F0A6BE /* Pods-Photogram.debug.xcconfig */,
				F4A8D540CC10B32797FDDD29 /* Pods-Photogram.release.xcconfig */,
			);
			path = Pods;
			sourceTree = "<group>";
		};
/* End PBXGroup section */

/* Begin PBXNativeTarget section */
		252B5A5125B9261100CEBA85 /* Photogram */ = {
			isa = PBXNativeTarget;
			buildConfigurationList = 252B5A6625B9261200CEBA85 /* Build configuration list for PBXNativeTarget "Photogram" */;
			buildPhases = (
				6A7C812B93792A20FCC02340 /* [CP] Check Pods Manifest.lock */,
				252B5A4E25B9261100CEBA85 /* Sources */,
				252B5A4F25B9261100CEBA85 /* Frameworks */,
				252B5A5025B9261100CEBA85 /* Resources */,
				D0945F5C569928A918F0D3F3 /* [CP] Embed Pods Frameworks */,
				25D2F51925FA242000429294 /* SwiftLint */,
			);
			buildRules = (
			);
			dependencies = (
			);
			name = Photogram;
			productName = Photogram;
			productReference = 252B5A5225B9261100CEBA85 /* Photogram.app */;
			productType = "com.apple.product-type.application";
		};
/* End PBXNativeTarget section */

/* Begin PBXProject section */
		252B5A4A25B9261000CEBA85 /* Project object */ = {
			isa = PBXProject;
			attributes = {
				LastSwiftUpdateCheck = 1200;
				LastUpgradeCheck = 1200;
				TargetAttributes = {
					252B5A5125B9261100CEBA85 = {
						CreatedOnToolsVersion = 12.0.1;
					};
				};
			};
			buildConfigurationList = 252B5A4D25B9261000CEBA85 /* Build configuration list for PBXProject "Photogram" */;
			compatibilityVersion = "Xcode 9.3";
			developmentRegion = en;
			hasScannedForEncodings = 0;
			knownRegions = (
				en,
				Base,
			);
			mainGroup = 252B5A4925B9261000CEBA85;
			productRefGroup = 252B5A5325B9261100CEBA85 /* Products */;
			projectDirPath = "";
			projectRoot = "";
			targets = (
				252B5A5125B9261100CEBA85 /* Photogram */,
			);
		};
/* End PBXProject section */

/* Begin PBXResourcesBuildPhase section */
		252B5A5025B9261100CEBA85 /* Resources */ = {
			isa = PBXResourcesBuildPhase;
			buildActionMask = 2147483647;
			files = (
				258BEB052601CFE200EFD71B /* Home.storyboard in Resources */,
				252B5A6225B9261200CEBA85 /* LaunchScreen.storyboard in Resources */,
				25BEC99725B98A0A00D7FA71 /* GoogleService-Info.plist in Resources */,
				252B5A5F25B9261200CEBA85 /* Assets.xcassets in Resources */,
				252B5A5D25B9261100CEBA85 /* Main.storyboard in Resources */,
				2563F15E25BA8CAF00A6767B /* Register.storyboard in Resources */,
			);
			runOnlyForDeploymentPostprocessing = 0;
		};
/* End PBXResourcesBuildPhase section */

/* Begin PBXShellScriptBuildPhase section */
		25D2F51925FA242000429294 /* SwiftLint */ = {
			isa = PBXShellScriptBuildPhase;
			buildActionMask = 2147483647;
			files = (
			);
			inputFileListPaths = (
			);
			inputPaths = (
			);
			name = SwiftLint;
			outputFileListPaths = (
			);
			outputPaths = (
			);
			runOnlyForDeploymentPostprocessing = 0;
			shellPath = /bin/sh;
			shellScript = "if which swiftlint >/dev/null; then\n  swiftlint\nelse\n  echo \"warning: SwiftLint not installed, download from https://github.com/realm/SwiftLint\"\nfi\n";
		};
		6A7C812B93792A20FCC02340 /* [CP] Check Pods Manifest.lock */ = {
			isa = PBXShellScriptBuildPhase;
			buildActionMask = 2147483647;
			files = (
			);
			inputFileListPaths = (
			);
			inputPaths = (
				"${PODS_PODFILE_DIR_PATH}/Podfile.lock",
				"${PODS_ROOT}/Manifest.lock",
			);
			name = "[CP] Check Pods Manifest.lock";
			outputFileListPaths = (
			);
			outputPaths = (
				"$(DERIVED_FILE_DIR)/Pods-Photogram-checkManifestLockResult.txt",
			);
			runOnlyForDeploymentPostprocessing = 0;
			shellPath = /bin/sh;
			shellScript = "diff \"${PODS_PODFILE_DIR_PATH}/Podfile.lock\" \"${PODS_ROOT}/Manifest.lock\" > /dev/null\nif [ $? != 0 ] ; then\n    # print error to STDERR\n    echo \"error: The sandbox is not in sync with the Podfile.lock. Run 'pod install' or update your CocoaPods installation.\" >&2\n    exit 1\nfi\n# This output is used by Xcode 'outputs' to avoid re-running this script phase.\necho \"SUCCESS\" > \"${SCRIPT_OUTPUT_FILE_0}\"\n";
			showEnvVarsInLog = 0;
		};
		D0945F5C569928A918F0D3F3 /* [CP] Embed Pods Frameworks */ = {
			isa = PBXShellScriptBuildPhase;
			buildActionMask = 2147483647;
			files = (
			);
			inputFileListPaths = (
				"${PODS_ROOT}/Target Support Files/Pods-Photogram/Pods-Photogram-frameworks-${CONFIGURATION}-input-files.xcfilelist",
			);
			name = "[CP] Embed Pods Frameworks";
			outputFileListPaths = (
				"${PODS_ROOT}/Target Support Files/Pods-Photogram/Pods-Photogram-frameworks-${CONFIGURATION}-output-files.xcfilelist",
			);
			runOnlyForDeploymentPostprocessing = 0;
			shellPath = /bin/sh;
			shellScript = "\"${PODS_ROOT}/Target Support Files/Pods-Photogram/Pods-Photogram-frameworks.sh\"\n";
			showEnvVarsInLog = 0;
		};
/* End PBXShellScriptBuildPhase section */

/* Begin PBXSourcesBuildPhase section */
		252B5A4E25B9261100CEBA85 /* Sources */ = {
			isa = PBXSourcesBuildPhase;
			buildActionMask = 2147483647;
			files = (
				2503DDDA25F2079D00222BA3 /* LibraryViewController.swift in Sources */,
				258BEB252601DBC700EFD71B /* LoginUseCaseType.swift in Sources */,
				2576F61325F06FB6001BA413 /* HomeNavigator.swift in Sources */,
				25FBB76625F9B671004A7FA6 /* UploadNavigator.swift in Sources */,
				2563F14A25BA847F00A6767B /* HomeViewModel.swift in Sources */,
				2576F63325F0D8DE001BA413 /* PhotoCollectionViewCell.swift in Sources */,
				258BEB102601CFFD00EFD71B /* ProfileViewController.swift in Sources */,
				25BEC96D25B971EE00D7FA71 /* LoginViewController.swift in Sources */,
				25FB9C3625FA018D00586D29 /* Photo.swift in Sources */,
				25153FF025F8CAD000F54772 /* UploadViewController.swift in Sources */,
				2563F14D25BA848B00A6767B /* HomeViewController.swift in Sources */,
				25581B8B2600666C008D4504 /* LoginUseCase.swift in Sources */,
				254948F926043D2600226317 /* AlertHelper.swift in Sources */,
				25FB9C3725FA018D00586D29 /* ViewModelType.swift in Sources */,
				258BEB072601CFE200EFD71B /* HomeTabbarController.swift in Sources */,
				258BEB0F2601CFFD00EFD71B /* ProfileNavigator.swift in Sources */,
				2563F15025BA84B300A6767B /* LoginNavigator.swift in Sources */,
				25BEC97925B9723600D7FA71 /* LoginViewModel.swift in Sources */,
				25581B9226006BEE008D4504 /* RegisterUseCase.swift in Sources */,
				2563F16125BA8CC100A6767B /* RegisterViewModel.swift in Sources */,
				25581B9526006CFF008D4504 /* ProfileUseCase.swift in Sources */,
				2503DDD725F2069700222BA3 /* SearchViewController.swift in Sources */,
				2576F61025F06F3E001BA413 /* RegisterNavigator.swift in Sources */,
				2563F16425BA8CD200A6767B /* RegisterViewController.swift in Sources */,
				25153FF725F8D08200F54772 /* UploadViewModel.swift in Sources */,
				25FB9C3525FA018D00586D29 /* User.swift in Sources */,
				25581B6526004B2F008D4504 /* LoginRespository.swift in Sources */,
				25FB9C3825FA018D00586D29 /* Account.swift in Sources */,
				258BEB2B2601DBE400EFD71B /* ProfileUseCaseType.swift in Sources */,
				258BEB112601CFFD00EFD71B /* ProfileViewModel.swift in Sources */,
				252B5A5625B9261100CEBA85 /* AppDelegate.swift in Sources */,
				258BEB282601DBD800EFD71B /* RegisterUseCaseType.swift in Sources */,
				252B5A5825B9261100CEBA85 /* SceneDelegate.swift in Sources */,
			);
			runOnlyForDeploymentPostprocessing = 0;
		};
/* End PBXSourcesBuildPhase section */

/* Begin PBXVariantGroup section */
		252B5A5B25B9261100CEBA85 /* Main.storyboard */ = {
			isa = PBXVariantGroup;
			children = (
				252B5A5C25B9261100CEBA85 /* Base */,
			);
			name = Main.storyboard;
			sourceTree = "<group>";
		};
		252B5A6025B9261200CEBA85 /* LaunchScreen.storyboard */ = {
			isa = PBXVariantGroup;
			children = (
				252B5A6125B9261200CEBA85 /* Base */,
			);
			name = LaunchScreen.storyboard;
			sourceTree = "<group>";
		};
/* End PBXVariantGroup section */

/* Begin XCBuildConfiguration section */
		252B5A6425B9261200CEBA85 /* Debug */ = {
			isa = XCBuildConfiguration;
			buildSettings = {
				ALWAYS_SEARCH_USER_PATHS = NO;
				CLANG_ANALYZER_NONNULL = YES;
				CLANG_ANALYZER_NUMBER_OBJECT_CONVERSION = YES_AGGRESSIVE;
				CLANG_CXX_LANGUAGE_STANDARD = "gnu++14";
				CLANG_CXX_LIBRARY = "libc++";
				CLANG_ENABLE_MODULES = YES;
				CLANG_ENABLE_OBJC_ARC = YES;
				CLANG_ENABLE_OBJC_WEAK = YES;
				CLANG_WARN_BLOCK_CAPTURE_AUTORELEASING = YES;
				CLANG_WARN_BOOL_CONVERSION = YES;
				CLANG_WARN_COMMA = YES;
				CLANG_WARN_CONSTANT_CONVERSION = YES;
				CLANG_WARN_DEPRECATED_OBJC_IMPLEMENTATIONS = YES;
				CLANG_WARN_DIRECT_OBJC_ISA_USAGE = YES_ERROR;
				CLANG_WARN_DOCUMENTATION_COMMENTS = YES;
				CLANG_WARN_EMPTY_BODY = YES;
				CLANG_WARN_ENUM_CONVERSION = YES;
				CLANG_WARN_INFINITE_RECURSION = YES;
				CLANG_WARN_INT_CONVERSION = YES;
				CLANG_WARN_NON_LITERAL_NULL_CONVERSION = YES;
				CLANG_WARN_OBJC_IMPLICIT_RETAIN_SELF = YES;
				CLANG_WARN_OBJC_LITERAL_CONVERSION = YES;
				CLANG_WARN_OBJC_ROOT_CLASS = YES_ERROR;
				CLANG_WARN_QUOTED_INCLUDE_IN_FRAMEWORK_HEADER = YES;
				CLANG_WARN_RANGE_LOOP_ANALYSIS = YES;
				CLANG_WARN_STRICT_PROTOTYPES = YES;
				CLANG_WARN_SUSPICIOUS_MOVE = YES;
				CLANG_WARN_UNGUARDED_AVAILABILITY = YES_AGGRESSIVE;
				CLANG_WARN_UNREACHABLE_CODE = YES;
				CLANG_WARN__DUPLICATE_METHOD_MATCH = YES;
				COPY_PHASE_STRIP = NO;
				DEBUG_INFORMATION_FORMAT = dwarf;
				ENABLE_STRICT_OBJC_MSGSEND = YES;
				ENABLE_TESTABILITY = YES;
				GCC_C_LANGUAGE_STANDARD = gnu11;
				GCC_DYNAMIC_NO_PIC = NO;
				GCC_NO_COMMON_BLOCKS = YES;
				GCC_OPTIMIZATION_LEVEL = 0;
				GCC_PREPROCESSOR_DEFINITIONS = (
					"DEBUG=1",
					"$(inherited)",
				);
				GCC_WARN_64_TO_32_BIT_CONVERSION = YES;
				GCC_WARN_ABOUT_RETURN_TYPE = YES_ERROR;
				GCC_WARN_UNDECLARED_SELECTOR = YES;
				GCC_WARN_UNINITIALIZED_AUTOS = YES_AGGRESSIVE;
				GCC_WARN_UNUSED_FUNCTION = YES;
				GCC_WARN_UNUSED_VARIABLE = YES;
				IPHONEOS_DEPLOYMENT_TARGET = 14.0;
				MTL_ENABLE_DEBUG_INFO = INCLUDE_SOURCE;
				MTL_FAST_MATH = YES;
				ONLY_ACTIVE_ARCH = YES;
				SDKROOT = iphoneos;
				SWIFT_ACTIVE_COMPILATION_CONDITIONS = DEBUG;
				SWIFT_OPTIMIZATION_LEVEL = "-Onone";
			};
			name = Debug;
		};
		252B5A6525B9261200CEBA85 /* Release */ = {
			isa = XCBuildConfiguration;
			buildSettings = {
				ALWAYS_SEARCH_USER_PATHS = NO;
				CLANG_ANALYZER_NONNULL = YES;
				CLANG_ANALYZER_NUMBER_OBJECT_CONVERSION = YES_AGGRESSIVE;
				CLANG_CXX_LANGUAGE_STANDARD = "gnu++14";
				CLANG_CXX_LIBRARY = "libc++";
				CLANG_ENABLE_MODULES = YES;
				CLANG_ENABLE_OBJC_ARC = YES;
				CLANG_ENABLE_OBJC_WEAK = YES;
				CLANG_WARN_BLOCK_CAPTURE_AUTORELEASING = YES;
				CLANG_WARN_BOOL_CONVERSION = YES;
				CLANG_WARN_COMMA = YES;
				CLANG_WARN_CONSTANT_CONVERSION = YES;
				CLANG_WARN_DEPRECATED_OBJC_IMPLEMENTATIONS = YES;
				CLANG_WARN_DIRECT_OBJC_ISA_USAGE = YES_ERROR;
				CLANG_WARN_DOCUMENTATION_COMMENTS = YES;
				CLANG_WARN_EMPTY_BODY = YES;
				CLANG_WARN_ENUM_CONVERSION = YES;
				CLANG_WARN_INFINITE_RECURSION = YES;
				CLANG_WARN_INT_CONVERSION = YES;
				CLANG_WARN_NON_LITERAL_NULL_CONVERSION = YES;
				CLANG_WARN_OBJC_IMPLICIT_RETAIN_SELF = YES;
				CLANG_WARN_OBJC_LITERAL_CONVERSION = YES;
				CLANG_WARN_OBJC_ROOT_CLASS = YES_ERROR;
				CLANG_WARN_QUOTED_INCLUDE_IN_FRAMEWORK_HEADER = YES;
				CLANG_WARN_RANGE_LOOP_ANALYSIS = YES;
				CLANG_WARN_STRICT_PROTOTYPES = YES;
				CLANG_WARN_SUSPICIOUS_MOVE = YES;
				CLANG_WARN_UNGUARDED_AVAILABILITY = YES_AGGRESSIVE;
				CLANG_WARN_UNREACHABLE_CODE = YES;
				CLANG_WARN__DUPLICATE_METHOD_MATCH = YES;
				COPY_PHASE_STRIP = NO;
				DEBUG_INFORMATION_FORMAT = "dwarf-with-dsym";
				ENABLE_NS_ASSERTIONS = NO;
				ENABLE_STRICT_OBJC_MSGSEND = YES;
				GCC_C_LANGUAGE_STANDARD = gnu11;
				GCC_NO_COMMON_BLOCKS = YES;
				GCC_WARN_64_TO_32_BIT_CONVERSION = YES;
				GCC_WARN_ABOUT_RETURN_TYPE = YES_ERROR;
				GCC_WARN_UNDECLARED_SELECTOR = YES;
				GCC_WARN_UNINITIALIZED_AUTOS = YES_AGGRESSIVE;
				GCC_WARN_UNUSED_FUNCTION = YES;
				GCC_WARN_UNUSED_VARIABLE = YES;
				IPHONEOS_DEPLOYMENT_TARGET = 14.0;
				MTL_ENABLE_DEBUG_INFO = NO;
				MTL_FAST_MATH = YES;
				SDKROOT = iphoneos;
				SWIFT_COMPILATION_MODE = wholemodule;
				SWIFT_OPTIMIZATION_LEVEL = "-O";
				VALIDATE_PRODUCT = YES;
			};
			name = Release;
		};
		252B5A6725B9261200CEBA85 /* Debug */ = {
			isa = XCBuildConfiguration;
			baseConfigurationReference = A1011191A7FEAC85E3F0A6BE /* Pods-Photogram.debug.xcconfig */;
			buildSettings = {
				ASSETCATALOG_COMPILER_APPICON_NAME = AppIcon;
				ASSETCATALOG_COMPILER_GLOBAL_ACCENT_COLOR_NAME = AccentColor;
				CODE_SIGN_STYLE = Automatic;
				INFOPLIST_FILE = Photogram/SupportFile/Info.plist;
				LD_RUNPATH_SEARCH_PATHS = (
					"$(inherited)",
					"@executable_path/Frameworks",
				);
				PRODUCT_BUNDLE_IDENTIFIER = vn.hoang.Photogram;
				PRODUCT_NAME = "$(TARGET_NAME)";
				SWIFT_VERSION = 5.0;
				TARGETED_DEVICE_FAMILY = "1,2";
			};
			name = Debug;
		};
		252B5A6825B9261200CEBA85 /* Release */ = {
			isa = XCBuildConfiguration;
			baseConfigurationReference = F4A8D540CC10B32797FDDD29 /* Pods-Photogram.release.xcconfig */;
			buildSettings = {
				ASSETCATALOG_COMPILER_APPICON_NAME = AppIcon;
				ASSETCATALOG_COMPILER_GLOBAL_ACCENT_COLOR_NAME = AccentColor;
				CODE_SIGN_STYLE = Automatic;
				INFOPLIST_FILE = Photogram/SupportFile/Info.plist;
				LD_RUNPATH_SEARCH_PATHS = (
					"$(inherited)",
					"@executable_path/Frameworks",
				);
				PRODUCT_BUNDLE_IDENTIFIER = vn.hoang.Photogram;
				PRODUCT_NAME = "$(TARGET_NAME)";
				SWIFT_VERSION = 5.0;
				TARGETED_DEVICE_FAMILY = "1,2";
			};
			name = Release;
		};
/* End XCBuildConfiguration section */

/* Begin XCConfigurationList section */
		252B5A4D25B9261000CEBA85 /* Build configuration list for PBXProject "Photogram" */ = {
			isa = XCConfigurationList;
			buildConfigurations = (
				252B5A6425B9261200CEBA85 /* Debug */,
				252B5A6525B9261200CEBA85 /* Release */,
			);
			defaultConfigurationIsVisible = 0;
			defaultConfigurationName = Release;
		};
		252B5A6625B9261200CEBA85 /* Build configuration list for PBXNativeTarget "Photogram" */ = {
			isa = XCConfigurationList;
			buildConfigurations = (
				252B5A6725B9261200CEBA85 /* Debug */,
				252B5A6825B9261200CEBA85 /* Release */,
			);
			defaultConfigurationIsVisible = 0;
			defaultConfigurationName = Release;
		};
/* End XCConfigurationList section */
	};
	rootObject = 252B5A4A25B9261000CEBA85 /* Project object */;
}
